// !$*UTF8*$!
{
	archiveVersion = 1;
	classes = {
	};
	objectVersion = 46;
	objects = {

/* Begin PBXBuildFile section */
		1B8EA99F153C7B8E009EFF27 /* UIKit.framework in Frameworks */ = {isa = PBXBuildFile; fileRef = 1B8EA99E153C7B8E009EFF27 /* UIKit.framework */; };
		1B8EA9A1153C7B8E009EFF27 /* Foundation.framework in Frameworks */ = {isa = PBXBuildFile; fileRef = 1B8EA9A0153C7B8E009EFF27 /* Foundation.framework */; };
		1B8EA9A3153C7B8E009EFF27 /* CoreGraphics.framework in Frameworks */ = {isa = PBXBuildFile; fileRef = 1B8EA9A2153C7B8E009EFF27 /* CoreGraphics.framework */; };
		1B8EA9A9153C7B8E009EFF27 /* InfoPlist.strings in Resources */ = {isa = PBXBuildFile; fileRef = 1B8EA9A7153C7B8E009EFF27 /* InfoPlist.strings */; };
		1B8EA9AB153C7B8E009EFF27 /* main.m in Sources */ = {isa = PBXBuildFile; fileRef = 1B8EA9AA153C7B8E009EFF27 /* main.m */; };
		1BFA03901561515E0005904C /* HelpInfo.plist in Resources */ = {isa = PBXBuildFile; fileRef = 1BFA038F1561515E0005904C /* HelpInfo.plist */; };
		CC36EDAF16BA1B99009C3CDA /* RootViewControlleriPhone.m in Sources */ = {isa = PBXBuildFile; fileRef = CC36EDAD16BA1B99009C3CDA /* RootViewControlleriPhone.m */; };
		CC36EDB016BA1B99009C3CDA /* RootViewControlleriPhone.xib in Resources */ = {isa = PBXBuildFile; fileRef = CC36EDAE16BA1B99009C3CDA /* RootViewControlleriPhone.xib */; };
		CC36EDB516BA1BC8009C3CDA /* CryptToolViewController.m in Sources */ = {isa = PBXBuildFile; fileRef = CC36EDB316BA1BC8009C3CDA /* CryptToolViewController.m */; };
		CC36EDB616BA1BC8009C3CDA /* CryptToolViewController.xib in Resources */ = {isa = PBXBuildFile; fileRef = CC36EDB416BA1BC8009C3CDA /* CryptToolViewController.xib */; };
		CC36EDC016BA1C09009C3CDA /* OptionsSet1.xib in Resources */ = {isa = PBXBuildFile; fileRef = CC36EDB816BA1C09009C3CDA /* OptionsSet1.xib */; };
		CC36EDC116BA1C09009C3CDA /* OptionsSet2.xib in Resources */ = {isa = PBXBuildFile; fileRef = CC36EDB916BA1C09009C3CDA /* OptionsSet2.xib */; };
		CC36EDC216BA1C09009C3CDA /* OptionsSet3.xib in Resources */ = {isa = PBXBuildFile; fileRef = CC36EDBA16BA1C09009C3CDA /* OptionsSet3.xib */; };
		CC36EDC316BA1C09009C3CDA /* OptionsSet4.xib in Resources */ = {isa = PBXBuildFile; fileRef = CC36EDBB16BA1C09009C3CDA /* OptionsSet4.xib */; };
		CC36EDC416BA1C09009C3CDA /* OptionsSet5.xib in Resources */ = {isa = PBXBuildFile; fileRef = CC36EDBC16BA1C09009C3CDA /* OptionsSet5.xib */; };
		CC36EDC616BA1C09009C3CDA /* OptionsViewController.m in Sources */ = {isa = PBXBuildFile; fileRef = CC36EDBF16BA1C09009C3CDA /* OptionsViewController.m */; };
		CC36EDCB16BA1C3F009C3CDA /* GCDandInverseViewController.m in Sources */ = {isa = PBXBuildFile; fileRef = CC36EDC916BA1C3F009C3CDA /* GCDandInverseViewController.m */; };
		CC36EDCC16BA1C3F009C3CDA /* GCDandInverseViewController.xib in Resources */ = {isa = PBXBuildFile; fileRef = CC36EDCA16BA1C3F009C3CDA /* GCDandInverseViewController.xib */; };
		CC36EDD116BA1CCE009C3CDA /* RootViewControlleriPad.m in Sources */ = {isa = PBXBuildFile; fileRef = CC36EDD016BA1CCE009C3CDA /* RootViewControlleriPad.m */; };
		CC36EDDB16BA1CF9009C3CDA /* DetailView1.xib in Resources */ = {isa = PBXBuildFile; fileRef = CC36EDD216BA1CF9009C3CDA /* DetailView1.xib */; };
		CC36EDDC16BA1CF9009C3CDA /* DetailView2.xib in Resources */ = {isa = PBXBuildFile; fileRef = CC36EDD316BA1CF9009C3CDA /* DetailView2.xib */; };
		CC36EDDD16BA1CF9009C3CDA /* DetailView3.xib in Resources */ = {isa = PBXBuildFile; fileRef = CC36EDD416BA1CF9009C3CDA /* DetailView3.xib */; };
		CC36EDDE16BA1CF9009C3CDA /* DetailView4.xib in Resources */ = {isa = PBXBuildFile; fileRef = CC36EDD516BA1CF9009C3CDA /* DetailView4.xib */; };
		CC36EDDF16BA1CF9009C3CDA /* DetailView5.xib in Resources */ = {isa = PBXBuildFile; fileRef = CC36EDD616BA1CF9009C3CDA /* DetailView5.xib */; };
		CC36EDE016BA1CF9009C3CDA /* DetailView6.xib in Resources */ = {isa = PBXBuildFile; fileRef = CC36EDD716BA1CF9009C3CDA /* DetailView6.xib */; };
		CC36EDE116BA1CF9009C3CDA /* DetailView7.xib in Resources */ = {isa = PBXBuildFile; fileRef = CC36EDD816BA1CF9009C3CDA /* DetailView7.xib */; };
		CC36EDE216BA1CF9009C3CDA /* DetailViewController.m in Sources */ = {isa = PBXBuildFile; fileRef = CC36EDDA16BA1CF9009C3CDA /* DetailViewController.m */; };
		CC36EDE616BA1D33009C3CDA /* AppDelegate.m in Sources */ = {isa = PBXBuildFile; fileRef = CC36EDE516BA1D33009C3CDA /* AppDelegate.m */; };
		CC36EDEA16BA1E08009C3CDA /* KSCustomPopoverBackgroundView.m in Sources */ = {isa = PBXBuildFile; fileRef = CC36EDE916BA1E08009C3CDA /* KSCustomPopoverBackgroundView.m */; };
		CC36EE0316BA1EC9009C3CDA /* popover-black-bcg-image.png in Resources */ = {isa = PBXBuildFile; fileRef = CC36EDF916BA1EC9009C3CDA /* popover-black-bcg-image.png */; };
		CC36EE0416BA1EC9009C3CDA /* popover-black-bcg-image@2x.png in Resources */ = {isa = PBXBuildFile; fileRef = CC36EDFA16BA1EC9009C3CDA /* popover-black-bcg-image@2x.png */; };
		CC36EE0516BA1EC9009C3CDA /* popover-black-bottom-arrow-image.png in Resources */ = {isa = PBXBuildFile; fileRef = CC36EDFB16BA1EC9009C3CDA /* popover-black-bottom-arrow-image.png */; };
		CC36EE0616BA1EC9009C3CDA /* popover-black-bottom-arrow-image@2x.png in Resources */ = {isa = PBXBuildFile; fileRef = CC36EDFC16BA1EC9009C3CDA /* popover-black-bottom-arrow-image@2x.png */; };
		CC36EE0716BA1EC9009C3CDA /* popover-black-left-arrow-image.png in Resources */ = {isa = PBXBuildFile; fileRef = CC36EDFD16BA1EC9009C3CDA /* popover-black-left-arrow-image.png */; };
		CC36EE0816BA1EC9009C3CDA /* popover-black-left-arrow-image@2x.png in Resources */ = {isa = PBXBuildFile; fileRef = CC36EDFE16BA1EC9009C3CDA /* popover-black-left-arrow-image@2x.png */; };
		CC36EE0916BA1EC9009C3CDA /* popover-black-right-arrow-image.png in Resources */ = {isa = PBXBuildFile; fileRef = CC36EDFF16BA1EC9009C3CDA /* popover-black-right-arrow-image.png */; };
		CC36EE0A16BA1EC9009C3CDA /* popover-black-right-arrow-image@2x.png in Resources */ = {isa = PBXBuildFile; fileRef = CC36EE0016BA1EC9009C3CDA /* popover-black-right-arrow-image@2x.png */; };
		CC36EE0B16BA1EC9009C3CDA /* popover-black-top-arrow-image.png in Resources */ = {isa = PBXBuildFile; fileRef = CC36EE0116BA1EC9009C3CDA /* popover-black-top-arrow-image.png */; };
		CC36EE0C16BA1EC9009C3CDA /* popover-black-top-arrow-image@2x.png in Resources */ = {isa = PBXBuildFile; fileRef = CC36EE0216BA1EC9009C3CDA /* popover-black-top-arrow-image@2x.png */; };
		CC36EE2A16BA1FE2009C3CDA /* InfoViewController.m in Sources */ = {isa = PBXBuildFile; fileRef = CC36EE2816BA1FE2009C3CDA /* InfoViewController.m */; };
		CC36EE2B16BA1FE2009C3CDA /* InfoViewController.xib in Resources */ = {isa = PBXBuildFile; fileRef = CC36EE2916BA1FE2009C3CDA /* InfoViewController.xib */; };
		CC36EE2E16BA1FED009C3CDA /* QCMethods.m in Sources */ = {isa = PBXBuildFile; fileRef = CC36EE2D16BA1FED009C3CDA /* QCMethods.m */; };
		CC36EE3116BA1FF8009C3CDA /* TextData.m in Sources */ = {isa = PBXBuildFile; fileRef = CC36EE3016BA1FF8009C3CDA /* TextData.m */; };
		CC6F624017A5D4B700187A71 /* qc_button_disabled.png in Resources */ = {isa = PBXBuildFile; fileRef = CC6F623A17A5D4B700187A71 /* qc_button_disabled.png */; };
		CC6F624117A5D4B700187A71 /* qc_button_disabled@2x.png in Resources */ = {isa = PBXBuildFile; fileRef = CC6F623B17A5D4B700187A71 /* qc_button_disabled@2x.png */; };
		CC6F624217A5D4B700187A71 /* qc_button_pressed.png in Resources */ = {isa = PBXBuildFile; fileRef = CC6F623C17A5D4B700187A71 /* qc_button_pressed.png */; };
		CC6F624317A5D4B700187A71 /* qc_button_pressed@2x.png in Resources */ = {isa = PBXBuildFile; fileRef = CC6F623D17A5D4B700187A71 /* qc_button_pressed@2x.png */; };
		CC6F624417A5D4B700187A71 /* qc_button.png in Resources */ = {isa = PBXBuildFile; fileRef = CC6F623E17A5D4B700187A71 /* qc_button.png */; };
		CC6F624517A5D4B700187A71 /* qc_button@2x.png in Resources */ = {isa = PBXBuildFile; fileRef = CC6F623F17A5D4B700187A71 /* qc_button@2x.png */; };
		CC707110183DD9A100099A1C /* fairview_regular.otf in Resources */ = {isa = PBXBuildFile; fileRef = CC70710E183DD9A100099A1C /* fairview_regular.otf */; };
		CC707111183DD9A100099A1C /* fairview_smallcaps.otf in Resources */ = {isa = PBXBuildFile; fileRef = CC70710F183DD9A100099A1C /* fairview_smallcaps.otf */; };
		CC707116183DDA5E00099A1C /* HelpButton.png in Resources */ = {isa = PBXBuildFile; fileRef = CC707112183DDA5E00099A1C /* HelpButton.png */; };
		CC707117183DDA5E00099A1C /* HelpButton@2x.png in Resources */ = {isa = PBXBuildFile; fileRef = CC707113183DDA5E00099A1C /* HelpButton@2x.png */; };
		CC707118183DDA5E00099A1C /* UIBarButtonHelpIcon.png in Resources */ = {isa = PBXBuildFile; fileRef = CC707114183DDA5E00099A1C /* UIBarButtonHelpIcon.png */; };
		CC707119183DDA5E00099A1C /* UIBarButtonHelpIcon@2x.png in Resources */ = {isa = PBXBuildFile; fileRef = CC707115183DDA5E00099A1C /* UIBarButtonHelpIcon@2x.png */; };
		CC70711C183DDB7600099A1C /* DoneCancelNumberPadToolbar.m in Sources */ = {isa = PBXBuildFile; fileRef = CC70711B183DDB7600099A1C /* DoneCancelNumberPadToolbar.m */; };
		CC70711F183DDB8100099A1C /* MBProgressHUD.m in Sources */ = {isa = PBXBuildFile; fileRef = CC70711E183DDB8100099A1C /* MBProgressHUD.m */; };
		CC707122183DDB9A00099A1C /* SSTextView.m in Sources */ = {isa = PBXBuildFile; fileRef = CC707121183DDB9A00099A1C /* SSTextView.m */; };
		CC707125183DDD8700099A1C /* UITableViewCell+FixAutolayout.m in Sources */ = {isa = PBXBuildFile; fileRef = CC707124183DDD8700099A1C /* UITableViewCell+FixAutolayout.m */; };
		CC707129183DDE6700099A1C /* Fonts.m in Sources */ = {isa = PBXBuildFile; fileRef = CC707128183DDE6700099A1C /* Fonts.m */; };
		CC70712F183DDF1400099A1C /* QCLabel.m in Sources */ = {isa = PBXBuildFile; fileRef = CC70712E183DDF1400099A1C /* QCLabel.m */; };
		CC707132183DDF1E00099A1C /* QCTextField.m in Sources */ = {isa = PBXBuildFile; fileRef = CC707131183DDF1E00099A1C /* QCTextField.m */; };
		CC707135183DDF3900099A1C /* QCButton.m in Sources */ = {isa = PBXBuildFile; fileRef = CC707134183DDF3900099A1C /* QCButton.m */; };
		CC707138183DDF7E00099A1C /* QCTableViewCell.xib in Resources */ = {isa = PBXBuildFile; fileRef = CC707137183DDF7E00099A1C /* QCTableViewCell.xib */; };
		CC70713D183DE00E00099A1C /* HelpViewController.m in Sources */ = {isa = PBXBuildFile; fileRef = CC70713B183DE00E00099A1C /* HelpViewController.m */; };
		CC70713E183DE00E00099A1C /* HelpViewController.xib in Resources */ = {isa = PBXBuildFile; fileRef = CC70713C183DE00E00099A1C /* HelpViewController.xib */; };
		CC7BE81A183DD6E900EAD046 /* cryptarooOrange57.png in Resources */ = {isa = PBXBuildFile; fileRef = CC7BE814183DD6E900EAD046 /* cryptarooOrange57.png */; };
		CC7BE81B183DD6E900EAD046 /* cryptarooOrange72.png in Resources */ = {isa = PBXBuildFile; fileRef = CC7BE815183DD6E900EAD046 /* cryptarooOrange72.png */; };
		CC7BE81C183DD6E900EAD046 /* cryptarooOrange76.png in Resources */ = {isa = PBXBuildFile; fileRef = CC7BE816183DD6E900EAD046 /* cryptarooOrange76.png */; };
		CC7BE81D183DD6E900EAD046 /* cryptarooOrange120.png in Resources */ = {isa = PBXBuildFile; fileRef = CC7BE817183DD6E900EAD046 /* cryptarooOrange120.png */; };
		CC7BE81E183DD6E900EAD046 /* cryptarooOrange144.png in Resources */ = {isa = PBXBuildFile; fileRef = CC7BE818183DD6E900EAD046 /* cryptarooOrange144.png */; };
		CC7BE81F183DD6E900EAD046 /* cryptarooOrange152.png in Resources */ = {isa = PBXBuildFile; fileRef = CC7BE819183DD6E900EAD046 /* cryptarooOrange152.png */; };
		CCBDD62E1619E2970030B5F8 /* Default-568h@2x.png in Resources */ = {isa = PBXBuildFile; fileRef = CCBDD62D1619E2970030B5F8 /* Default-568h@2x.png */; };
/* End PBXBuildFile section */

/* Begin PBXFileReference section */
		1B8EA99A153C7B8E009EFF27 /* QuickCrypt.app */ = {isa = PBXFileReference; explicitFileType = wrapper.application; includeInIndex = 0; path = QuickCrypt.app; sourceTree = BUILT_PRODUCTS_DIR; };
		1B8EA99E153C7B8E009EFF27 /* UIKit.framework */ = {isa = PBXFileReference; lastKnownFileType = wrapper.framework; name = UIKit.framework; path = System/Library/Frameworks/UIKit.framework; sourceTree = SDKROOT; };
		1B8EA9A0153C7B8E009EFF27 /* Foundation.framework */ = {isa = PBXFileReference; lastKnownFileType = wrapper.framework; name = Foundation.framework; path = System/Library/Frameworks/Foundation.framework; sourceTree = SDKROOT; };
		1B8EA9A2153C7B8E009EFF27 /* CoreGraphics.framework */ = {isa = PBXFileReference; lastKnownFileType = wrapper.framework; name = CoreGraphics.framework; path = System/Library/Frameworks/CoreGraphics.framework; sourceTree = SDKROOT; };
		1B8EA9A6153C7B8E009EFF27 /* QuickCrypt-Info.plist */ = {isa = PBXFileReference; lastKnownFileType = text.plist.xml; path = "QuickCrypt-Info.plist"; sourceTree = "<group>"; };
		1B8EA9A8153C7B8E009EFF27 /* en */ = {isa = PBXFileReference; lastKnownFileType = text.plist.strings; name = en; path = en.lproj/InfoPlist.strings; sourceTree = "<group>"; };
		1B8EA9AA153C7B8E009EFF27 /* main.m */ = {isa = PBXFileReference; lastKnownFileType = sourcecode.c.objc; path = main.m; sourceTree = "<group>"; };
		1B8EA9AC153C7B8E009EFF27 /* QuickCrypt-Prefix.pch */ = {isa = PBXFileReference; lastKnownFileType = sourcecode.c.h; path = "QuickCrypt-Prefix.pch"; sourceTree = "<group>"; };
		1BFA038F1561515E0005904C /* HelpInfo.plist */ = {isa = PBXFileReference; fileEncoding = 4; lastKnownFileType = text.plist.xml; path = HelpInfo.plist; sourceTree = "<group>"; };
		CC36EDAC16BA1B99009C3CDA /* RootViewControlleriPhone.h */ = {isa = PBXFileReference; fileEncoding = 4; lastKnownFileType = sourcecode.c.h; name = RootViewControlleriPhone.h; path = Classes/iPhone/RootViewControlleriPhone/RootViewControlleriPhone.h; sourceTree = "<group>"; };
		CC36EDAD16BA1B99009C3CDA /* RootViewControlleriPhone.m */ = {isa = PBXFileReference; fileEncoding = 4; lastKnownFileType = sourcecode.c.objc; name = RootViewControlleriPhone.m; path = Classes/iPhone/RootViewControlleriPhone/RootViewControlleriPhone.m; sourceTree = "<group>"; };
		CC36EDAE16BA1B99009C3CDA /* RootViewControlleriPhone.xib */ = {isa = PBXFileReference; fileEncoding = 4; lastKnownFileType = file.xib; name = RootViewControlleriPhone.xib; path = Classes/iPhone/RootViewControlleriPhone/RootViewControlleriPhone.xib; sourceTree = "<group>"; };
		CC36EDB216BA1BC8009C3CDA /* CryptToolViewController.h */ = {isa = PBXFileReference; fileEncoding = 4; lastKnownFileType = sourcecode.c.h; name = CryptToolViewController.h; path = Classes/iPhone/CryptToolViewController/CryptToolViewController.h; sourceTree = "<group>"; };
		CC36EDB316BA1BC8009C3CDA /* CryptToolViewController.m */ = {isa = PBXFileReference; fileEncoding = 4; lastKnownFileType = sourcecode.c.objc; name = CryptToolViewController.m; path = Classes/iPhone/CryptToolViewController/CryptToolViewController.m; sourceTree = "<group>"; };
		CC36EDB416BA1BC8009C3CDA /* CryptToolViewController.xib */ = {isa = PBXFileReference; fileEncoding = 4; lastKnownFileType = file.xib; name = CryptToolViewController.xib; path = Classes/iPhone/CryptToolViewController/CryptToolViewController.xib; sourceTree = "<group>"; };
		CC36EDB816BA1C09009C3CDA /* OptionsSet1.xib */ = {isa = PBXFileReference; fileEncoding = 4; lastKnownFileType = file.xib; name = OptionsSet1.xib; path = Classes/iPhone/OptionsViewController/OptionsSet1.xib; sourceTree = "<group>"; };
		CC36EDB916BA1C09009C3CDA /* OptionsSet2.xib */ = {isa = PBXFileReference; fileEncoding = 4; lastKnownFileType = file.xib; name = OptionsSet2.xib; path = Classes/iPhone/OptionsViewController/OptionsSet2.xib; sourceTree = "<group>"; };
		CC36EDBA16BA1C09009C3CDA /* OptionsSet3.xib */ = {isa = PBXFileReference; fileEncoding = 4; lastKnownFileType = file.xib; name = OptionsSet3.xib; path = Classes/iPhone/OptionsViewController/OptionsSet3.xib; sourceTree = "<group>"; };
		CC36EDBB16BA1C09009C3CDA /* OptionsSet4.xib */ = {isa = PBXFileReference; fileEncoding = 4; lastKnownFileType = file.xib; name = OptionsSet4.xib; path = Classes/iPhone/OptionsViewController/OptionsSet4.xib; sourceTree = "<group>"; };
		CC36EDBC16BA1C09009C3CDA /* OptionsSet5.xib */ = {isa = PBXFileReference; fileEncoding = 4; lastKnownFileType = file.xib; name = OptionsSet5.xib; path = Classes/iPhone/OptionsViewController/OptionsSet5.xib; sourceTree = "<group>"; };
		CC36EDBE16BA1C09009C3CDA /* OptionsViewController.h */ = {isa = PBXFileReference; fileEncoding = 4; lastKnownFileType = sourcecode.c.h; name = OptionsViewController.h; path = Classes/iPhone/OptionsViewController/OptionsViewController.h; sourceTree = "<group>"; };
		CC36EDBF16BA1C09009C3CDA /* OptionsViewController.m */ = {isa = PBXFileReference; fileEncoding = 4; lastKnownFileType = sourcecode.c.objc; name = OptionsViewController.m; path = Classes/iPhone/OptionsViewController/OptionsViewController.m; sourceTree = "<group>"; };
		CC36EDC816BA1C3F009C3CDA /* GCDandInverseViewController.h */ = {isa = PBXFileReference; fileEncoding = 4; lastKnownFileType = sourcecode.c.h; name = GCDandInverseViewController.h; path = Classes/iPhone/GCDandInverseViewController/GCDandInverseViewController.h; sourceTree = "<group>"; };
		CC36EDC916BA1C3F009C3CDA /* GCDandInverseViewController.m */ = {isa = PBXFileReference; fileEncoding = 4; lastKnownFileType = sourcecode.c.objc; name = GCDandInverseViewController.m; path = Classes/iPhone/GCDandInverseViewController/GCDandInverseViewController.m; sourceTree = "<group>"; };
		CC36EDCA16BA1C3F009C3CDA /* GCDandInverseViewController.xib */ = {isa = PBXFileReference; fileEncoding = 4; lastKnownFileType = file.xib; name = GCDandInverseViewController.xib; path = Classes/iPhone/GCDandInverseViewController/GCDandInverseViewController.xib; sourceTree = "<group>"; };
		CC36EDCF16BA1CCE009C3CDA /* RootViewControlleriPad.h */ = {isa = PBXFileReference; fileEncoding = 4; lastKnownFileType = sourcecode.c.h; name = RootViewControlleriPad.h; path = Classes/iPad/RootViewControlleriPad/RootViewControlleriPad.h; sourceTree = "<group>"; };
		CC36EDD016BA1CCE009C3CDA /* RootViewControlleriPad.m */ = {isa = PBXFileReference; fileEncoding = 4; lastKnownFileType = sourcecode.c.objc; name = RootViewControlleriPad.m; path = Classes/iPad/RootViewControlleriPad/RootViewControlleriPad.m; sourceTree = "<group>"; };
		CC36EDD216BA1CF9009C3CDA /* DetailView1.xib */ = {isa = PBXFileReference; fileEncoding = 4; lastKnownFileType = file.xib; name = DetailView1.xib; path = Classes/iPad/DetailViewController/DetailView1.xib; sourceTree = "<group>"; };
		CC36EDD316BA1CF9009C3CDA /* DetailView2.xib */ = {isa = PBXFileReference; fileEncoding = 4; lastKnownFileType = file.xib; name = DetailView2.xib; path = Classes/iPad/DetailViewController/DetailView2.xib; sourceTree = "<group>"; };
		CC36EDD416BA1CF9009C3CDA /* DetailView3.xib */ = {isa = PBXFileReference; fileEncoding = 4; lastKnownFileType = file.xib; name = DetailView3.xib; path = Classes/iPad/DetailViewController/DetailView3.xib; sourceTree = "<group>"; };
		CC36EDD516BA1CF9009C3CDA /* DetailView4.xib */ = {isa = PBXFileReference; fileEncoding = 4; lastKnownFileType = file.xib; name = DetailView4.xib; path = Classes/iPad/DetailViewController/DetailView4.xib; sourceTree = "<group>"; };
		CC36EDD616BA1CF9009C3CDA /* DetailView5.xib */ = {isa = PBXFileReference; fileEncoding = 4; lastKnownFileType = file.xib; name = DetailView5.xib; path = Classes/iPad/DetailViewController/DetailView5.xib; sourceTree = "<group>"; };
		CC36EDD716BA1CF9009C3CDA /* DetailView6.xib */ = {isa = PBXFileReference; fileEncoding = 4; lastKnownFileType = file.xib; name = DetailView6.xib; path = Classes/iPad/DetailViewController/DetailView6.xib; sourceTree = "<group>"; };
		CC36EDD816BA1CF9009C3CDA /* DetailView7.xib */ = {isa = PBXFileReference; fileEncoding = 4; lastKnownFileType = file.xib; name = DetailView7.xib; path = Classes/iPad/DetailViewController/DetailView7.xib; sourceTree = "<group>"; };
		CC36EDD916BA1CF9009C3CDA /* DetailViewController.h */ = {isa = PBXFileReference; fileEncoding = 4; lastKnownFileType = sourcecode.c.h; name = DetailViewController.h; path = Classes/iPad/DetailViewController/DetailViewController.h; sourceTree = "<group>"; };
		CC36EDDA16BA1CF9009C3CDA /* DetailViewController.m */ = {isa = PBXFileReference; fileEncoding = 4; lastKnownFileType = sourcecode.c.objc; name = DetailViewController.m; path = Classes/iPad/DetailViewController/DetailViewController.m; sourceTree = "<group>"; };
		CC36EDE416BA1D33009C3CDA /* AppDelegate.h */ = {isa = PBXFileReference; fileEncoding = 4; lastKnownFileType = sourcecode.c.h; name = AppDelegate.h; path = Classes/Delegate/AppDelegate.h; sourceTree = "<group>"; };
		CC36EDE516BA1D33009C3CDA /* AppDelegate.m */ = {isa = PBXFileReference; fileEncoding = 4; lastKnownFileType = sourcecode.c.objc; name = AppDelegate.m; path = Classes/Delegate/AppDelegate.m; sourceTree = "<group>"; };
		CC36EDE816BA1E08009C3CDA /* KSCustomPopoverBackgroundView.h */ = {isa = PBXFileReference; fileEncoding = 4; lastKnownFileType = sourcecode.c.h; name = KSCustomPopoverBackgroundView.h; path = "External Classes/KSCustomPopoverBackgroundView/KSCustomPopoverBackgroundView.h"; sourceTree = "<group>"; };
		CC36EDE916BA1E08009C3CDA /* KSCustomPopoverBackgroundView.m */ = {isa = PBXFileReference; fileEncoding = 4; lastKnownFileType = sourcecode.c.objc; name = KSCustomPopoverBackgroundView.m; path = "External Classes/KSCustomPopoverBackgroundView/KSCustomPopoverBackgroundView.m"; sourceTree = "<group>"; };
		CC36EDF916BA1EC9009C3CDA /* popover-black-bcg-image.png */ = {isa = PBXFileReference; lastKnownFileType = image.png; name = "popover-black-bcg-image.png"; path = "Supporting Files/Popover Images/popover-black-bcg-image.png"; sourceTree = "<group>"; };
		CC36EDFA16BA1EC9009C3CDA /* popover-black-bcg-image@2x.png */ = {isa = PBXFileReference; lastKnownFileType = image.png; name = "popover-black-bcg-image@2x.png"; path = "Supporting Files/Popover Images/popover-black-bcg-image@2x.png"; sourceTree = "<group>"; };
		CC36EDFB16BA1EC9009C3CDA /* popover-black-bottom-arrow-image.png */ = {isa = PBXFileReference; lastKnownFileType = image.png; name = "popover-black-bottom-arrow-image.png"; path = "Supporting Files/Popover Images/popover-black-bottom-arrow-image.png"; sourceTree = "<group>"; };
		CC36EDFC16BA1EC9009C3CDA /* popover-black-bottom-arrow-image@2x.png */ = {isa = PBXFileReference; lastKnownFileType = image.png; name = "popover-black-bottom-arrow-image@2x.png"; path = "Supporting Files/Popover Images/popover-black-bottom-arrow-image@2x.png"; sourceTree = "<group>"; };
		CC36EDFD16BA1EC9009C3CDA /* popover-black-left-arrow-image.png */ = {isa = PBXFileReference; lastKnownFileType = image.png; name = "popover-black-left-arrow-image.png"; path = "Supporting Files/Popover Images/popover-black-left-arrow-image.png"; sourceTree = "<group>"; };
		CC36EDFE16BA1EC9009C3CDA /* popover-black-left-arrow-image@2x.png */ = {isa = PBXFileReference; lastKnownFileType = image.png; name = "popover-black-left-arrow-image@2x.png"; path = "Supporting Files/Popover Images/popover-black-left-arrow-image@2x.png"; sourceTree = "<group>"; };
		CC36EDFF16BA1EC9009C3CDA /* popover-black-right-arrow-image.png */ = {isa = PBXFileReference; lastKnownFileType = image.png; name = "popover-black-right-arrow-image.png"; path = "Supporting Files/Popover Images/popover-black-right-arrow-image.png"; sourceTree = "<group>"; };
		CC36EE0016BA1EC9009C3CDA /* popover-black-right-arrow-image@2x.png */ = {isa = PBXFileReference; lastKnownFileType = image.png; name = "popover-black-right-arrow-image@2x.png"; path = "Supporting Files/Popover Images/popover-black-right-arrow-image@2x.png"; sourceTree = "<group>"; };
		CC36EE0116BA1EC9009C3CDA /* popover-black-top-arrow-image.png */ = {isa = PBXFileReference; lastKnownFileType = image.png; name = "popover-black-top-arrow-image.png"; path = "Supporting Files/Popover Images/popover-black-top-arrow-image.png"; sourceTree = "<group>"; };
		CC36EE0216BA1EC9009C3CDA /* popover-black-top-arrow-image@2x.png */ = {isa = PBXFileReference; lastKnownFileType = image.png; name = "popover-black-top-arrow-image@2x.png"; path = "Supporting Files/Popover Images/popover-black-top-arrow-image@2x.png"; sourceTree = "<group>"; };
		CC36EE2716BA1FE2009C3CDA /* InfoViewController.h */ = {isa = PBXFileReference; fileEncoding = 4; lastKnownFileType = sourcecode.c.h; name = InfoViewController.h; path = Classes/Shared/InfoViewController/InfoViewController.h; sourceTree = "<group>"; };
		CC36EE2816BA1FE2009C3CDA /* InfoViewController.m */ = {isa = PBXFileReference; fileEncoding = 4; lastKnownFileType = sourcecode.c.objc; name = InfoViewController.m; path = Classes/Shared/InfoViewController/InfoViewController.m; sourceTree = "<group>"; };
		CC36EE2916BA1FE2009C3CDA /* InfoViewController.xib */ = {isa = PBXFileReference; fileEncoding = 4; lastKnownFileType = file.xib; name = InfoViewController.xib; path = Classes/Shared/InfoViewController/InfoViewController.xib; sourceTree = "<group>"; };
		CC36EE2C16BA1FED009C3CDA /* QCMethods.h */ = {isa = PBXFileReference; fileEncoding = 4; lastKnownFileType = sourcecode.c.h; name = QCMethods.h; path = Classes/Shared/QCMethods/QCMethods.h; sourceTree = "<group>"; };
		CC36EE2D16BA1FED009C3CDA /* QCMethods.m */ = {isa = PBXFileReference; fileEncoding = 4; lastKnownFileType = sourcecode.c.objc; name = QCMethods.m; path = Classes/Shared/QCMethods/QCMethods.m; sourceTree = "<group>"; };
		CC36EE2F16BA1FF8009C3CDA /* TextData.h */ = {isa = PBXFileReference; fileEncoding = 4; lastKnownFileType = sourcecode.c.h; name = TextData.h; path = Classes/Shared/TextData/TextData.h; sourceTree = "<group>"; };
		CC36EE3016BA1FF8009C3CDA /* TextData.m */ = {isa = PBXFileReference; fileEncoding = 4; lastKnownFileType = sourcecode.c.objc; name = TextData.m; path = Classes/Shared/TextData/TextData.m; sourceTree = "<group>"; };
		CC6F623A17A5D4B700187A71 /* qc_button_disabled.png */ = {isa = PBXFileReference; lastKnownFileType = image.png; name = qc_button_disabled.png; path = "Supporting Files/ButtonImages/qc_button_disabled.png"; sourceTree = "<group>"; };
		CC6F623B17A5D4B700187A71 /* qc_button_disabled@2x.png */ = {isa = PBXFileReference; lastKnownFileType = image.png; name = "qc_button_disabled@2x.png"; path = "Supporting Files/ButtonImages/qc_button_disabled@2x.png"; sourceTree = "<group>"; };
		CC6F623C17A5D4B700187A71 /* qc_button_pressed.png */ = {isa = PBXFileReference; lastKnownFileType = image.png; name = qc_button_pressed.png; path = "Supporting Files/ButtonImages/qc_button_pressed.png"; sourceTree = "<group>"; };
		CC6F623D17A5D4B700187A71 /* qc_button_pressed@2x.png */ = {isa = PBXFileReference; lastKnownFileType = image.png; name = "qc_button_pressed@2x.png"; path = "Supporting Files/ButtonImages/qc_button_pressed@2x.png"; sourceTree = "<group>"; };
		CC6F623E17A5D4B700187A71 /* qc_button.png */ = {isa = PBXFileReference; lastKnownFileType = image.png; name = qc_button.png; path = "Supporting Files/ButtonImages/qc_button.png"; sourceTree = "<group>"; };
		CC6F623F17A5D4B700187A71 /* qc_button@2x.png */ = {isa = PBXFileReference; lastKnownFileType = image.png; name = "qc_button@2x.png"; path = "Supporting Files/ButtonImages/qc_button@2x.png"; sourceTree = "<group>"; };
		CC70710E183DD9A100099A1C /* fairview_regular.otf */ = {isa = PBXFileReference; lastKnownFileType = file; name = fairview_regular.otf; path = "Supporting Files/Fonts/fairview_regular.otf"; sourceTree = "<group>"; };
		CC70710F183DD9A100099A1C /* fairview_smallcaps.otf */ = {isa = PBXFileReference; lastKnownFileType = file; name = fairview_smallcaps.otf; path = "Supporting Files/Fonts/fairview_smallcaps.otf"; sourceTree = "<group>"; };
		CC707112183DDA5E00099A1C /* HelpButton.png */ = {isa = PBXFileReference; lastKnownFileType = image.png; name = HelpButton.png; path = "Supporting Files/UIBarButtonHelpImages/HelpButton.png"; sourceTree = "<group>"; };
		CC707113183DDA5E00099A1C /* HelpButton@2x.png */ = {isa = PBXFileReference; lastKnownFileType = image.png; name = "HelpButton@2x.png"; path = "Supporting Files/UIBarButtonHelpImages/HelpButton@2x.png"; sourceTree = "<group>"; };
		CC707114183DDA5E00099A1C /* UIBarButtonHelpIcon.png */ = {isa = PBXFileReference; lastKnownFileType = image.png; name = UIBarButtonHelpIcon.png; path = "Supporting Files/UIBarButtonHelpImages/UIBarButtonHelpIcon.png"; sourceTree = "<group>"; };
		CC707115183DDA5E00099A1C /* UIBarButtonHelpIcon@2x.png */ = {isa = PBXFileReference; lastKnownFileType = image.png; name = "UIBarButtonHelpIcon@2x.png"; path = "Supporting Files/UIBarButtonHelpImages/UIBarButtonHelpIcon@2x.png"; sourceTree = "<group>"; };
		CC70711A183DDB7600099A1C /* DoneCancelNumberPadToolbar.h */ = {isa = PBXFileReference; fileEncoding = 4; lastKnownFileType = sourcecode.c.h; name = DoneCancelNumberPadToolbar.h; path = "External Classes/DoneCancelNumberPadToolbar/DoneCancelNumberPadToolbar.h"; sourceTree = "<group>"; };
		CC70711B183DDB7600099A1C /* DoneCancelNumberPadToolbar.m */ = {isa = PBXFileReference; fileEncoding = 4; lastKnownFileType = sourcecode.c.objc; name = DoneCancelNumberPadToolbar.m; path = "External Classes/DoneCancelNumberPadToolbar/DoneCancelNumberPadToolbar.m"; sourceTree = "<group>"; };
		CC70711D183DDB8100099A1C /* MBProgressHUD.h */ = {isa = PBXFileReference; fileEncoding = 4; lastKnownFileType = sourcecode.c.h; name = MBProgressHUD.h; path = "External Classes/MBProgressHUD/MBProgressHUD.h"; sourceTree = "<group>"; };
		CC70711E183DDB8100099A1C /* MBProgressHUD.m */ = {isa = PBXFileReference; fileEncoding = 4; lastKnownFileType = sourcecode.c.objc; name = MBProgressHUD.m; path = "External Classes/MBProgressHUD/MBProgressHUD.m"; sourceTree = "<group>"; };
		CC707120183DDB9A00099A1C /* SSTextView.h */ = {isa = PBXFileReference; fileEncoding = 4; lastKnownFileType = sourcecode.c.h; name = SSTextView.h; path = "External Classes/SSTextView/SSTextView.h"; sourceTree = "<group>"; };
		CC707121183DDB9A00099A1C /* SSTextView.m */ = {isa = PBXFileReference; fileEncoding = 4; lastKnownFileType = sourcecode.c.objc; name = SSTextView.m; path = "External Classes/SSTextView/SSTextView.m"; sourceTree = "<group>"; };
		CC707123183DDD8700099A1C /* UITableViewCell+FixAutolayout.h */ = {isa = PBXFileReference; fileEncoding = 4; lastKnownFileType = sourcecode.c.h; name = "UITableViewCell+FixAutolayout.h"; path = "Supporting Files/UITableViewCellCategory/UITableViewCell+FixAutolayout.h"; sourceTree = "<group>"; };
		CC707124183DDD8700099A1C /* UITableViewCell+FixAutolayout.m */ = {isa = PBXFileReference; fileEncoding = 4; lastKnownFileType = sourcecode.c.objc; name = "UITableViewCell+FixAutolayout.m"; path = "Supporting Files/UITableViewCellCategory/UITableViewCell+FixAutolayout.m"; sourceTree = "<group>"; };
		CC707127183DDE6700099A1C /* Fonts.h */ = {isa = PBXFileReference; fileEncoding = 4; lastKnownFileType = sourcecode.c.h; name = Fonts.h; path = Classes/Shared/Fonts/Fonts.h; sourceTree = "<group>"; };
		CC707128183DDE6700099A1C /* Fonts.m */ = {isa = PBXFileReference; fileEncoding = 4; lastKnownFileType = sourcecode.c.objc; name = Fonts.m; path = Classes/Shared/Fonts/Fonts.m; sourceTree = "<group>"; };
		CC70712D183DDF1400099A1C /* QCLabel.h */ = {isa = PBXFileReference; fileEncoding = 4; lastKnownFileType = sourcecode.c.h; name = QCLabel.h; path = Classes/Shared/QCLabel/QCLabel.h; sourceTree = "<group>"; };
		CC70712E183DDF1400099A1C /* QCLabel.m */ = {isa = PBXFileReference; fileEncoding = 4; lastKnownFileType = sourcecode.c.objc; name = QCLabel.m; path = Classes/Shared/QCLabel/QCLabel.m; sourceTree = "<group>"; };
		CC707130183DDF1E00099A1C /* QCTextField.h */ = {isa = PBXFileReference; fileEncoding = 4; lastKnownFileType = sourcecode.c.h; name = QCTextField.h; path = Classes/Shared/QCTextField/QCTextField.h; sourceTree = "<group>"; };
		CC707131183DDF1E00099A1C /* QCTextField.m */ = {isa = PBXFileReference; fileEncoding = 4; lastKnownFileType = sourcecode.c.objc; name = QCTextField.m; path = Classes/Shared/QCTextField/QCTextField.m; sourceTree = "<group>"; };
		CC707133183DDF3900099A1C /* QCButton.h */ = {isa = PBXFileReference; fileEncoding = 4; lastKnownFileType = sourcecode.c.h; name = QCButton.h; path = Classes/Shared/QCButton/QCButton.h; sourceTree = "<group>"; };
		CC707134183DDF3900099A1C /* QCButton.m */ = {isa = PBXFileReference; fileEncoding = 4; lastKnownFileType = sourcecode.c.objc; name = QCButton.m; path = Classes/Shared/QCButton/QCButton.m; sourceTree = "<group>"; };
		CC707137183DDF7E00099A1C /* QCTableViewCell.xib */ = {isa = PBXFileReference; fileEncoding = 4; lastKnownFileType = file.xib; name = QCTableViewCell.xib; path = Classes/Shared/QCTableViewCell/QCTableViewCell.xib; sourceTree = "<group>"; };
		CC70713A183DE00E00099A1C /* HelpViewController.h */ = {isa = PBXFileReference; fileEncoding = 4; lastKnownFileType = sourcecode.c.h; name = HelpViewController.h; path = Classes/Shared/HelpViewController/HelpViewController.h; sourceTree = "<group>"; };
		CC70713B183DE00E00099A1C /* HelpViewController.m */ = {isa = PBXFileReference; fileEncoding = 4; lastKnownFileType = sourcecode.c.objc; name = HelpViewController.m; path = Classes/Shared/HelpViewController/HelpViewController.m; sourceTree = "<group>"; };
		CC70713C183DE00E00099A1C /* HelpViewController.xib */ = {isa = PBXFileReference; fileEncoding = 4; lastKnownFileType = file.xib; name = HelpViewController.xib; path = Classes/Shared/HelpViewController/HelpViewController.xib; sourceTree = "<group>"; };
		CC7BE814183DD6E900EAD046 /* cryptarooOrange57.png */ = {isa = PBXFileReference; lastKnownFileType = image.png; name = cryptarooOrange57.png; path = "App Icons/cryptarooOrange57.png"; sourceTree = "<group>"; };
		CC7BE815183DD6E900EAD046 /* cryptarooOrange72.png */ = {isa = PBXFileReference; lastKnownFileType = image.png; name = cryptarooOrange72.png; path = "App Icons/cryptarooOrange72.png"; sourceTree = "<group>"; };
		CC7BE816183DD6E900EAD046 /* cryptarooOrange76.png */ = {isa = PBXFileReference; lastKnownFileType = image.png; name = cryptarooOrange76.png; path = "App Icons/cryptarooOrange76.png"; sourceTree = "<group>"; };
		CC7BE817183DD6E900EAD046 /* cryptarooOrange120.png */ = {isa = PBXFileReference; lastKnownFileType = image.png; name = cryptarooOrange120.png; path = "App Icons/cryptarooOrange120.png"; sourceTree = "<group>"; };
		CC7BE818183DD6E900EAD046 /* cryptarooOrange144.png */ = {isa = PBXFileReference; lastKnownFileType = image.png; name = cryptarooOrange144.png; path = "App Icons/cryptarooOrange144.png"; sourceTree = "<group>"; };
		CC7BE819183DD6E900EAD046 /* cryptarooOrange152.png */ = {isa = PBXFileReference; lastKnownFileType = image.png; name = cryptarooOrange152.png; path = "App Icons/cryptarooOrange152.png"; sourceTree = "<group>"; };
		CCBDD62D1619E2970030B5F8 /* Default-568h@2x.png */ = {isa = PBXFileReference; lastKnownFileType = image.png; path = "Default-568h@2x.png"; sourceTree = "<group>"; };
/* End PBXFileReference section */

/* Begin PBXFrameworksBuildPhase section */
		1B8EA997153C7B8E009EFF27 /* Frameworks */ = {
			isa = PBXFrameworksBuildPhase;
			buildActionMask = 2147483647;
			files = (
				1B8EA99F153C7B8E009EFF27 /* UIKit.framework in Frameworks */,
				1B8EA9A1153C7B8E009EFF27 /* Foundation.framework in Frameworks */,
				1B8EA9A3153C7B8E009EFF27 /* CoreGraphics.framework in Frameworks */,
			);
			runOnlyForDeploymentPostprocessing = 0;
		};
/* End PBXFrameworksBuildPhase section */

/* Begin PBXGroup section */
		1B81726E1559919500EDF0E0 /* External Classes */ = {
			isa = PBXGroup;
			children = (
				CC7EDFC918160B87003DAA7E /* MBProgressHUD */,
				CC21B9C917FE7F9F00FFE1FC /* DoneCancelNumberPadToolbar */,
				CCEC063417A50B7300550105 /* UITableViewCell+FixAutoLayout */,
				CC36EDF516BA1E36009C3CDA /* SSTextView */,
				CC36EDE716BA1DB2009C3CDA /* KSCustomPopoverBackgroundView */,
			);
			name = "External Classes";
			sourceTree = "<group>";
		};
		1B8EA98F153C7B8E009EFF27 = {
			isa = PBXGroup;
			children = (
				CCBDD62D1619E2970030B5F8 /* Default-568h@2x.png */,
				1B8EA9A4153C7B8E009EFF27 /* QuickCrypt */,
				1B8EA99D153C7B8E009EFF27 /* Frameworks */,
				1B8EA99B153C7B8E009EFF27 /* Products */,
			);
			sourceTree = "<group>";
		};
		1B8EA99B153C7B8E009EFF27 /* Products */ = {
			isa = PBXGroup;
			children = (
				1B8EA99A153C7B8E009EFF27 /* QuickCrypt.app */,
			);
			name = Products;
			sourceTree = "<group>";
		};
		1B8EA99D153C7B8E009EFF27 /* Frameworks */ = {
			isa = PBXGroup;
			children = (
				1B8EA99E153C7B8E009EFF27 /* UIKit.framework */,
				1B8EA9A0153C7B8E009EFF27 /* Foundation.framework */,
				1B8EA9A2153C7B8E009EFF27 /* CoreGraphics.framework */,
			);
			name = Frameworks;
			sourceTree = "<group>";
		};
		1B8EA9A4153C7B8E009EFF27 /* QuickCrypt */ = {
			isa = PBXGroup;
			children = (
				CC36EE3216BA203A009C3CDA /* App Icons */,
				CC36EDE316BA1D21009C3CDA /* AppDelegate */,
				1B8EA9B7153C7C21009EFF27 /* iPad */,
				1B8EA9B5153C7C0F009EFF27 /* iPhone */,
				1B8EA9C2153C993C009EFF27 /* Shared */,
				1B81726E1559919500EDF0E0 /* External Classes */,
				1B8EA9A5153C7B8E009EFF27 /* Supporting Files */,
			);
			path = QuickCrypt;
			sourceTree = "<group>";
		};
		1B8EA9A5153C7B8E009EFF27 /* Supporting Files */ = {
			isa = PBXGroup;
			children = (
				CC7BE820183DD75200EAD046 /* Fonts */,
				CC36EE1F16BA1F74009C3CDA /* ButtonImages */,
				CC36EE0D16BA1EF6009C3CDA /* UIBarButtonHelpImages */,
				1BA3330215658677009CB78D /* Popover Images */,
				1B8EA9A6153C7B8E009EFF27 /* QuickCrypt-Info.plist */,
				1B8EA9A7153C7B8E009EFF27 /* InfoPlist.strings */,
				1BFA038F1561515E0005904C /* HelpInfo.plist */,
				1B8EA9AA153C7B8E009EFF27 /* main.m */,
				1B8EA9AC153C7B8E009EFF27 /* QuickCrypt-Prefix.pch */,
			);
			name = "Supporting Files";
			sourceTree = "<group>";
		};
		1B8EA9B5153C7C0F009EFF27 /* iPhone */ = {
			isa = PBXGroup;
			children = (
				CC36EDAB16BA1B87009C3CDA /* RootViewControlleriPhone */,
				CC36EDB116BA1BB6009C3CDA /* CryptToolViewController */,
				CC36EDC716BA1C16009C3CDA /* GCDandInverseViewController */,
				CC36EDB716BA1BF1009C3CDA /* OptionsViewController */,
			);
			name = iPhone;
			sourceTree = "<group>";
		};
		1B8EA9B7153C7C21009EFF27 /* iPad */ = {
			isa = PBXGroup;
			children = (
				CC36EDCD16BA1C8B009C3CDA /* RootViewControlleriPad */,
				CC36EDCE16BA1C9B009C3CDA /* DetailViewController */,
			);
			name = iPad;
			sourceTree = "<group>";
		};
		1B8EA9C2153C993C009EFF27 /* Shared */ = {
			isa = PBXGroup;
			children = (
				CC707139183DDFD500099A1C /* HelpViewController */,
				CC707136183DDF7400099A1C /* QCTableViewCell */,
				CC70712C183DDEA000099A1C /* QCTextField */,
				CC70712B183DDE9700099A1C /* QCButton */,
				CC70712A183DDE9000099A1C /* QCLabel */,
				CC707126183DDE6000099A1C /* Fonts */,
				CC36EE2616BA1FD0009C3CDA /* TextData */,
				CC36EE2516BA1FCA009C3CDA /* QCMethods */,
				CC36EE2416BA1FC3009C3CDA /* InfoViewController */,
			);
			name = Shared;
			sourceTree = "<group>";
		};
		1BA3330215658677009CB78D /* Popover Images */ = {
			isa = PBXGroup;
			children = (
				CC36EDF916BA1EC9009C3CDA /* popover-black-bcg-image.png */,
				CC36EDFA16BA1EC9009C3CDA /* popover-black-bcg-image@2x.png */,
				CC36EDFB16BA1EC9009C3CDA /* popover-black-bottom-arrow-image.png */,
				CC36EDFC16BA1EC9009C3CDA /* popover-black-bottom-arrow-image@2x.png */,
				CC36EDFD16BA1EC9009C3CDA /* popover-black-left-arrow-image.png */,
				CC36EDFE16BA1EC9009C3CDA /* popover-black-left-arrow-image@2x.png */,
				CC36EDFF16BA1EC9009C3CDA /* popover-black-right-arrow-image.png */,
				CC36EE0016BA1EC9009C3CDA /* popover-black-right-arrow-image@2x.png */,
				CC36EE0116BA1EC9009C3CDA /* popover-black-top-arrow-image.png */,
				CC36EE0216BA1EC9009C3CDA /* popover-black-top-arrow-image@2x.png */,
			);
			name = "Popover Images";
			sourceTree = "<group>";
		};
		CC21B9C917FE7F9F00FFE1FC /* DoneCancelNumberPadToolbar */ = {
			isa = PBXGroup;
			children = (
				CC70711A183DDB7600099A1C /* DoneCancelNumberPadToolbar.h */,
				CC70711B183DDB7600099A1C /* DoneCancelNumberPadToolbar.m */,
			);
			name = DoneCancelNumberPadToolbar;
			sourceTree = "<group>";
		};
		CC36EDAB16BA1B87009C3CDA /* RootViewControlleriPhone */ = {
			isa = PBXGroup;
			children = (
				CC36EDAC16BA1B99009C3CDA /* RootViewControlleriPhone.h */,
				CC36EDAD16BA1B99009C3CDA /* RootViewControlleriPhone.m */,
				CC36EDAE16BA1B99009C3CDA /* RootViewControlleriPhone.xib */,
			);
			name = RootViewControlleriPhone;
			sourceTree = "<group>";
		};
		CC36EDB116BA1BB6009C3CDA /* CryptToolViewController */ = {
			isa = PBXGroup;
			children = (
				CC36EDB216BA1BC8009C3CDA /* CryptToolViewController.h */,
				CC36EDB316BA1BC8009C3CDA /* CryptToolViewController.m */,
				CC36EDB416BA1BC8009C3CDA /* CryptToolViewController.xib */,
			);
			name = CryptToolViewController;
			sourceTree = "<group>";
		};
		CC36EDB716BA1BF1009C3CDA /* OptionsViewController */ = {
			isa = PBXGroup;
			children = (
				CC36EDB816BA1C09009C3CDA /* OptionsSet1.xib */,
				CC36EDB916BA1C09009C3CDA /* OptionsSet2.xib */,
				CC36EDBA16BA1C09009C3CDA /* OptionsSet3.xib */,
				CC36EDBB16BA1C09009C3CDA /* OptionsSet4.xib */,
				CC36EDBC16BA1C09009C3CDA /* OptionsSet5.xib */,
				CC36EDBE16BA1C09009C3CDA /* OptionsViewController.h */,
				CC36EDBF16BA1C09009C3CDA /* OptionsViewController.m */,
			);
			name = OptionsViewController;
			sourceTree = "<group>";
		};
		CC36EDC716BA1C16009C3CDA /* GCDandInverseViewController */ = {
			isa = PBXGroup;
			children = (
				CC36EDC816BA1C3F009C3CDA /* GCDandInverseViewController.h */,
				CC36EDC916BA1C3F009C3CDA /* GCDandInverseViewController.m */,
				CC36EDCA16BA1C3F009C3CDA /* GCDandInverseViewController.xib */,
			);
			name = GCDandInverseViewController;
			sourceTree = "<group>";
		};
		CC36EDCD16BA1C8B009C3CDA /* RootViewControlleriPad */ = {
			isa = PBXGroup;
			children = (
				CC36EDCF16BA1CCE009C3CDA /* RootViewControlleriPad.h */,
				CC36EDD016BA1CCE009C3CDA /* RootViewControlleriPad.m */,
			);
			name = RootViewControlleriPad;
			sourceTree = "<group>";
		};
		CC36EDCE16BA1C9B009C3CDA /* DetailViewController */ = {
			isa = PBXGroup;
			children = (
				CC36EDD216BA1CF9009C3CDA /* DetailView1.xib */,
				CC36EDD316BA1CF9009C3CDA /* DetailView2.xib */,
				CC36EDD416BA1CF9009C3CDA /* DetailView3.xib */,
				CC36EDD516BA1CF9009C3CDA /* DetailView4.xib */,
				CC36EDD616BA1CF9009C3CDA /* DetailView5.xib */,
				CC36EDD716BA1CF9009C3CDA /* DetailView6.xib */,
				CC36EDD816BA1CF9009C3CDA /* DetailView7.xib */,
				CC36EDD916BA1CF9009C3CDA /* DetailViewController.h */,
				CC36EDDA16BA1CF9009C3CDA /* DetailViewController.m */,
			);
			name = DetailViewController;
			sourceTree = "<group>";
		};
		CC36EDE316BA1D21009C3CDA /* AppDelegate */ = {
			isa = PBXGroup;
			children = (
				CC36EDE416BA1D33009C3CDA /* AppDelegate.h */,
				CC36EDE516BA1D33009C3CDA /* AppDelegate.m */,
			);
			name = AppDelegate;
			sourceTree = "<group>";
		};
		CC36EDE716BA1DB2009C3CDA /* KSCustomPopoverBackgroundView */ = {
			isa = PBXGroup;
			children = (
				CC36EDE816BA1E08009C3CDA /* KSCustomPopoverBackgroundView.h */,
				CC36EDE916BA1E08009C3CDA /* KSCustomPopoverBackgroundView.m */,
			);
			name = KSCustomPopoverBackgroundView;
			sourceTree = "<group>";
		};
		CC36EDF516BA1E36009C3CDA /* SSTextView */ = {
			isa = PBXGroup;
			children = (
				CC707120183DDB9A00099A1C /* SSTextView.h */,
				CC707121183DDB9A00099A1C /* SSTextView.m */,
			);
			name = SSTextView;
			sourceTree = "<group>";
		};
		CC36EE0D16BA1EF6009C3CDA /* UIBarButtonHelpImages */ = {
			isa = PBXGroup;
			children = (
				CC707112183DDA5E00099A1C /* HelpButton.png */,
				CC707113183DDA5E00099A1C /* HelpButton@2x.png */,
				CC707114183DDA5E00099A1C /* UIBarButtonHelpIcon.png */,
				CC707115183DDA5E00099A1C /* UIBarButtonHelpIcon@2x.png */,
			);
			name = UIBarButtonHelpImages;
			sourceTree = "<group>";
		};
		CC36EE1F16BA1F74009C3CDA /* ButtonImages */ = {
			isa = PBXGroup;
			children = (
				CC6F623A17A5D4B700187A71 /* qc_button_disabled.png */,
				CC6F623B17A5D4B700187A71 /* qc_button_disabled@2x.png */,
				CC6F623C17A5D4B700187A71 /* qc_button_pressed.png */,
				CC6F623D17A5D4B700187A71 /* qc_button_pressed@2x.png */,
				CC6F623E17A5D4B700187A71 /* qc_button.png */,
				CC6F623F17A5D4B700187A71 /* qc_button@2x.png */,
			);
			name = ButtonImages;
			sourceTree = "<group>";
		};
		CC36EE2416BA1FC3009C3CDA /* InfoViewController */ = {
			isa = PBXGroup;
			children = (
				CC36EE2716BA1FE2009C3CDA /* InfoViewController.h */,
				CC36EE2816BA1FE2009C3CDA /* InfoViewController.m */,
				CC36EE2916BA1FE2009C3CDA /* InfoViewController.xib */,
			);
			name = InfoViewController;
			sourceTree = "<group>";
		};
		CC36EE2516BA1FCA009C3CDA /* QCMethods */ = {
			isa = PBXGroup;
			children = (
				CC36EE2C16BA1FED009C3CDA /* QCMethods.h */,
				CC36EE2D16BA1FED009C3CDA /* QCMethods.m */,
			);
			name = QCMethods;
			sourceTree = "<group>";
		};
		CC36EE2616BA1FD0009C3CDA /* TextData */ = {
			isa = PBXGroup;
			children = (
				CC36EE2F16BA1FF8009C3CDA /* TextData.h */,
				CC36EE3016BA1FF8009C3CDA /* TextData.m */,
			);
			name = TextData;
			sourceTree = "<group>";
		};
		CC36EE3216BA203A009C3CDA /* App Icons */ = {
			isa = PBXGroup;
			children = (
				CC7BE814183DD6E900EAD046 /* cryptarooOrange57.png */,
				CC7BE815183DD6E900EAD046 /* cryptarooOrange72.png */,
				CC7BE816183DD6E900EAD046 /* cryptarooOrange76.png */,
				CC7BE817183DD6E900EAD046 /* cryptarooOrange120.png */,
				CC7BE818183DD6E900EAD046 /* cryptarooOrange144.png */,
				CC7BE819183DD6E900EAD046 /* cryptarooOrange152.png */,
			);
			name = "App Icons";
			sourceTree = "<group>";
		};
		CC707126183DDE6000099A1C /* Fonts */ = {
			isa = PBXGroup;
			children = (
				CC707127183DDE6700099A1C /* Fonts.h */,
				CC707128183DDE6700099A1C /* Fonts.m */,
			);
			name = Fonts;
			sourceTree = "<group>";
		};
		CC70712A183DDE9000099A1C /* QCLabel */ = {
			isa = PBXGroup;
			children = (
				CC70712D183DDF1400099A1C /* QCLabel.h */,
				CC70712E183DDF1400099A1C /* QCLabel.m */,
			);
			name = QCLabel;
			sourceTree = "<group>";
		};
		CC70712B183DDE9700099A1C /* QCButton */ = {
			isa = PBXGroup;
			children = (
				CC707133183DDF3900099A1C /* QCButton.h */,
				CC707134183DDF3900099A1C /* QCButton.m */,
			);
			name = QCButton;
			sourceTree = "<group>";
		};
		CC70712C183DDEA000099A1C /* QCTextField */ = {
			isa = PBXGroup;
			children = (
				CC707130183DDF1E00099A1C /* QCTextField.h */,
				CC707131183DDF1E00099A1C /* QCTextField.m */,
			);
			name = QCTextField;
			sourceTree = "<group>";
		};
		CC707136183DDF7400099A1C /* QCTableViewCell */ = {
			isa = PBXGroup;
			children = (
				CC707137183DDF7E00099A1C /* QCTableViewCell.xib */,
			);
			name = QCTableViewCell;
			sourceTree = "<group>";
		};
		CC707139183DDFD500099A1C /* HelpViewController */ = {
			isa = PBXGroup;
			children = (
				CC70713A183DE00E00099A1C /* HelpViewController.h */,
				CC70713B183DE00E00099A1C /* HelpViewController.m */,
				CC70713C183DE00E00099A1C /* HelpViewController.xib */,
			);
			name = HelpViewController;
			sourceTree = "<group>";
		};
		CC7BE820183DD75200EAD046 /* Fonts */ = {
			isa = PBXGroup;
			children = (
				CC70710E183DD9A100099A1C /* fairview_regular.otf */,
				CC70710F183DD9A100099A1C /* fairview_smallcaps.otf */,
			);
			name = Fonts;
			sourceTree = "<group>";
		};
		CC7EDFC918160B87003DAA7E /* MBProgressHUD */ = {
			isa = PBXGroup;
			children = (
				CC70711D183DDB8100099A1C /* MBProgressHUD.h */,
				CC70711E183DDB8100099A1C /* MBProgressHUD.m */,
			);
			name = MBProgressHUD;
			sourceTree = "<group>";
		};
		CCEC063417A50B7300550105 /* UITableViewCell+FixAutoLayout */ = {
			isa = PBXGroup;
			children = (
				CC707123183DDD8700099A1C /* UITableViewCell+FixAutolayout.h */,
				CC707124183DDD8700099A1C /* UITableViewCell+FixAutolayout.m */,
			);
			name = "UITableViewCell+FixAutoLayout";
			sourceTree = "<group>";
		};
/* End PBXGroup section */

/* Begin PBXNativeTarget section */
		1B8EA999153C7B8E009EFF27 /* QuickCrypt */ = {
			isa = PBXNativeTarget;
			buildConfigurationList = 1B8EA9B2153C7B8E009EFF27 /* Build configuration list for PBXNativeTarget "QuickCrypt" */;
			buildPhases = (
				1B8EA996153C7B8E009EFF27 /* Sources */,
				1B8EA997153C7B8E009EFF27 /* Frameworks */,
				1B8EA998153C7B8E009EFF27 /* Resources */,
			);
			buildRules = (
			);
			dependencies = (
			);
			name = QuickCrypt;
			productName = QuickCrypt;
			productReference = 1B8EA99A153C7B8E009EFF27 /* QuickCrypt.app */;
			productType = "com.apple.product-type.application";
		};
/* End PBXNativeTarget section */

/* Begin PBXProject section */
		1B8EA991153C7B8E009EFF27 /* Project object */ = {
			isa = PBXProject;
			attributes = {
				CLASSPREFIX = CAI;
				LastUpgradeCheck = 0500;
				TargetAttributes = {
					1B8EA999153C7B8E009EFF27 = {
						DevelopmentTeam = BGA8794X23;
					};
				};
			};
			buildConfigurationList = 1B8EA994153C7B8E009EFF27 /* Build configuration list for PBXProject "QuickCrypt" */;
			compatibilityVersion = "Xcode 3.2";
			developmentRegion = English;
			hasScannedForEncodings = 0;
			knownRegions = (
				en,
			);
			mainGroup = 1B8EA98F153C7B8E009EFF27;
			productRefGroup = 1B8EA99B153C7B8E009EFF27 /* Products */;
			projectDirPath = "";
			projectRoot = "";
			targets = (
				1B8EA999153C7B8E009EFF27 /* QuickCrypt */,
			);
		};
/* End PBXProject section */

/* Begin PBXResourcesBuildPhase section */
		1B8EA998153C7B8E009EFF27 /* Resources */ = {
			isa = PBXResourcesBuildPhase;
			buildActionMask = 2147483647;
			files = (
				1B8EA9A9153C7B8E009EFF27 /* InfoPlist.strings in Resources */,
				1BFA03901561515E0005904C /* HelpInfo.plist in Resources */,
				CCBDD62E1619E2970030B5F8 /* Default-568h@2x.png in Resources */,
				CC36EDB016BA1B99009C3CDA /* RootViewControlleriPhone.xib in Resources */,
				CC36EDB616BA1BC8009C3CDA /* CryptToolViewController.xib in Resources */,
				CC36EDC016BA1C09009C3CDA /* OptionsSet1.xib in Resources */,
				CC36EDC116BA1C09009C3CDA /* OptionsSet2.xib in Resources */,
				CC36EDC216BA1C09009C3CDA /* OptionsSet3.xib in Resources */,
				CC707116183DDA5E00099A1C /* HelpButton.png in Resources */,
				CC36EDC316BA1C09009C3CDA /* OptionsSet4.xib in Resources */,
				CC36EDC416BA1C09009C3CDA /* OptionsSet5.xib in Resources */,
				CC707118183DDA5E00099A1C /* UIBarButtonHelpIcon.png in Resources */,
				CC36EDCC16BA1C3F009C3CDA /* GCDandInverseViewController.xib in Resources */,
				CC36EDDB16BA1CF9009C3CDA /* DetailView1.xib in Resources */,
				CC7BE81D183DD6E900EAD046 /* cryptarooOrange120.png in Resources */,
				CC36EDDC16BA1CF9009C3CDA /* DetailView2.xib in Resources */,
				CC36EDDD16BA1CF9009C3CDA /* DetailView3.xib in Resources */,
				CC36EDDE16BA1CF9009C3CDA /* DetailView4.xib in Resources */,
				CC36EDDF16BA1CF9009C3CDA /* DetailView5.xib in Resources */,
				CC36EDE016BA1CF9009C3CDA /* DetailView6.xib in Resources */,
				CC36EDE116BA1CF9009C3CDA /* DetailView7.xib in Resources */,
				CC707111183DD9A100099A1C /* fairview_smallcaps.otf in Resources */,
				CC36EE0316BA1EC9009C3CDA /* popover-black-bcg-image.png in Resources */,
				CC7BE81A183DD6E900EAD046 /* cryptarooOrange57.png in Resources */,
				CC36EE0416BA1EC9009C3CDA /* popover-black-bcg-image@2x.png in Resources */,
				CC707138183DDF7E00099A1C /* QCTableViewCell.xib in Resources */,
				CC36EE0516BA1EC9009C3CDA /* popover-black-bottom-arrow-image.png in Resources */,
				CC7BE81C183DD6E900EAD046 /* cryptarooOrange76.png in Resources */,
				CC36EE0616BA1EC9009C3CDA /* popover-black-bottom-arrow-image@2x.png in Resources */,
				CC36EE0716BA1EC9009C3CDA /* popover-black-left-arrow-image.png in Resources */,
				CC36EE0816BA1EC9009C3CDA /* popover-black-left-arrow-image@2x.png in Resources */,
				CC707110183DD9A100099A1C /* fairview_regular.otf in Resources */,
				CC36EE0916BA1EC9009C3CDA /* popover-black-right-arrow-image.png in Resources */,
				CC70713E183DE00E00099A1C /* HelpViewController.xib in Resources */,
				CC36EE0A16BA1EC9009C3CDA /* popover-black-right-arrow-image@2x.png in Resources */,
				CC36EE0B16BA1EC9009C3CDA /* popover-black-top-arrow-image.png in Resources */,
				CC36EE0C16BA1EC9009C3CDA /* popover-black-top-arrow-image@2x.png in Resources */,
				CC7BE81B183DD6E900EAD046 /* cryptarooOrange72.png in Resources */,
				CC7BE81F183DD6E900EAD046 /* cryptarooOrange152.png in Resources */,
				CC7BE81E183DD6E900EAD046 /* cryptarooOrange144.png in Resources */,
				CC36EE2B16BA1FE2009C3CDA /* InfoViewController.xib in Resources */,
				CC707117183DDA5E00099A1C /* HelpButton@2x.png in Resources */,
				CC6F624017A5D4B700187A71 /* qc_button_disabled.png in Resources */,
				CC6F624117A5D4B700187A71 /* qc_button_disabled@2x.png in Resources */,
				CC6F624217A5D4B700187A71 /* qc_button_pressed.png in Resources */,
				CC6F624317A5D4B700187A71 /* qc_button_pressed@2x.png in Resources */,
				CC6F624417A5D4B700187A71 /* qc_button.png in Resources */,
				CC6F624517A5D4B700187A71 /* qc_button@2x.png in Resources */,
				CC707119183DDA5E00099A1C /* UIBarButtonHelpIcon@2x.png in Resources */,
			);
			runOnlyForDeploymentPostprocessing = 0;
		};
/* End PBXResourcesBuildPhase section */

/* Begin PBXSourcesBuildPhase section */
		1B8EA996153C7B8E009EFF27 /* Sources */ = {
			isa = PBXSourcesBuildPhase;
			buildActionMask = 2147483647;
			files = (
				1B8EA9AB153C7B8E009EFF27 /* main.m in Sources */,
				CC36EDAF16BA1B99009C3CDA /* RootViewControlleriPhone.m in Sources */,
				CC70711C183DDB7600099A1C /* DoneCancelNumberPadToolbar.m in Sources */,
				CC707122183DDB9A00099A1C /* SSTextView.m in Sources */,
				CC70713D183DE00E00099A1C /* HelpViewController.m in Sources */,
				CC707125183DDD8700099A1C /* UITableViewCell+FixAutolayout.m in Sources */,
				CC36EDB516BA1BC8009C3CDA /* CryptToolViewController.m in Sources */,
				CC36EDC616BA1C09009C3CDA /* OptionsViewController.m in Sources */,
				CC36EDCB16BA1C3F009C3CDA /* GCDandInverseViewController.m in Sources */,
				CC707135183DDF3900099A1C /* QCButton.m in Sources */,
				CC36EDD116BA1CCE009C3CDA /* RootViewControlleriPad.m in Sources */,
				CC36EDE216BA1CF9009C3CDA /* DetailViewController.m in Sources */,
				CC36EDE616BA1D33009C3CDA /* AppDelegate.m in Sources */,
				CC36EDEA16BA1E08009C3CDA /* KSCustomPopoverBackgroundView.m in Sources */,
				CC707129183DDE6700099A1C /* Fonts.m in Sources */,
				CC36EE2A16BA1FE2009C3CDA /* InfoViewController.m in Sources */,
				CC36EE2E16BA1FED009C3CDA /* QCMethods.m in Sources */,
				CC36EE3116BA1FF8009C3CDA /* TextData.m in Sources */,
				CC70712F183DDF1400099A1C /* QCLabel.m in Sources */,
				CC707132183DDF1E00099A1C /* QCTextField.m in Sources */,
				CC70711F183DDB8100099A1C /* MBProgressHUD.m in Sources */,
			);
			runOnlyForDeploymentPostprocessing = 0;
		};
/* End PBXSourcesBuildPhase section */

/* Begin PBXVariantGroup section */
		1B8EA9A7153C7B8E009EFF27 /* InfoPlist.strings */ = {
			isa = PBXVariantGroup;
			children = (
				1B8EA9A8153C7B8E009EFF27 /* en */,
			);
			name = InfoPlist.strings;
			sourceTree = "<group>";
		};
/* End PBXVariantGroup section */

/* Begin XCBuildConfiguration section */
		1B8EA9B0153C7B8E009EFF27 /* Debug */ = {
			isa = XCBuildConfiguration;
			buildSettings = {
				ALWAYS_SEARCH_USER_PATHS = NO;
				CLANG_ENABLE_OBJC_ARC = YES;
				CLANG_WARN_BOOL_CONVERSION = YES;
				CLANG_WARN_CONSTANT_CONVERSION = YES;
				CLANG_WARN_EMPTY_BODY = YES;
				CLANG_WARN_ENUM_CONVERSION = YES;
				CLANG_WARN_INT_CONVERSION = YES;
				CLANG_WARN__DUPLICATE_METHOD_MATCH = YES;
				"CODE_SIGN_IDENTITY[sdk=iphoneos*]" = "iPhone Developer";
				COPY_PHASE_STRIP = NO;
				GCC_C_LANGUAGE_STANDARD = gnu99;
				GCC_DYNAMIC_NO_PIC = NO;
				GCC_OPTIMIZATION_LEVEL = 0;
				GCC_PREPROCESSOR_DEFINITIONS = (
					"DEBUG=1",
					"$(inherited)",
				);
				GCC_SYMBOLS_PRIVATE_EXTERN = NO;
				GCC_VERSION = com.apple.compilers.llvm.clang.1_0;
				GCC_WARN_64_TO_32_BIT_CONVERSION = YES;
				GCC_WARN_ABOUT_RETURN_TYPE = YES;
				GCC_WARN_UNDECLARED_SELECTOR = YES;
				GCC_WARN_UNINITIALIZED_AUTOS = YES;
				GCC_WARN_UNUSED_FUNCTION = YES;
				GCC_WARN_UNUSED_VARIABLE = YES;
				IPHONEOS_DEPLOYMENT_TARGET = 6.0;
				ONLY_ACTIVE_ARCH = YES;
				"PROVISIONING_PROFILE[sdk=iphoneos*]" = "";
				SDKROOT = iphoneos;
				TARGETED_DEVICE_FAMILY = "1,2";
			};
			name = Debug;
		};
		1B8EA9B1153C7B8E009EFF27 /* Release */ = {
			isa = XCBuildConfiguration;
			buildSettings = {
				ALWAYS_SEARCH_USER_PATHS = NO;
				CLANG_ENABLE_OBJC_ARC = YES;
				CLANG_WARN_BOOL_CONVERSION = YES;
				CLANG_WARN_CONSTANT_CONVERSION = YES;
				CLANG_WARN_EMPTY_BODY = YES;
				CLANG_WARN_ENUM_CONVERSION = YES;
				CLANG_WARN_INT_CONVERSION = YES;
				CLANG_WARN__DUPLICATE_METHOD_MATCH = YES;
				"CODE_SIGN_IDENTITY[sdk=iphoneos*]" = "iPhone Developer";
				COPY_PHASE_STRIP = YES;
				GCC_C_LANGUAGE_STANDARD = gnu99;
				GCC_VERSION = com.apple.compilers.llvm.clang.1_0;
				GCC_WARN_64_TO_32_BIT_CONVERSION = YES;
				GCC_WARN_ABOUT_RETURN_TYPE = YES;
				GCC_WARN_UNDECLARED_SELECTOR = YES;
				GCC_WARN_UNINITIALIZED_AUTOS = YES;
				GCC_WARN_UNUSED_FUNCTION = YES;
				GCC_WARN_UNUSED_VARIABLE = YES;
				IPHONEOS_DEPLOYMENT_TARGET = 6.0;
				OTHER_CFLAGS = "-DNS_BLOCK_ASSERTIONS=1";
				"PROVISIONING_PROFILE[sdk=iphoneos*]" = "";
				SDKROOT = iphoneos;
				TARGETED_DEVICE_FAMILY = "1,2";
				VALIDATE_PRODUCT = YES;
			};
			name = Release;
		};
		1B8EA9B3153C7B8E009EFF27 /* Debug */ = {
			isa = XCBuildConfiguration;
			buildSettings = {
				CODE_SIGN_IDENTITY = "iPhone Developer";
				"CODE_SIGN_IDENTITY[sdk=iphoneos*]" = "iPhone Developer";
				GCC_PRECOMPILE_PREFIX_HEADER = YES;
				GCC_PREFIX_HEADER = "QuickCrypt/QuickCrypt-Prefix.pch";
				GCC_VERSION = com.apple.compilers.llvm.clang.1_0;
				INFOPLIST_FILE = "QuickCrypt/QuickCrypt-Info.plist";
				IPHONEOS_DEPLOYMENT_TARGET = 6.0;
				PRODUCT_NAME = "$(TARGET_NAME)";
				PROVISIONING_PROFILE = "";
				WRAPPER_EXTENSION = app;
			};
			name = Debug;
		};
		1B8EA9B4153C7B8E009EFF27 /* Release */ = {
			isa = XCBuildConfiguration;
			buildSettings = {
				CODE_SIGN_IDENTITY = "iPhone Developer";
				"CODE_SIGN_IDENTITY[sdk=iphoneos*]" = "iPhone Developer";
				GCC_PRECOMPILE_PREFIX_HEADER = YES;
				GCC_PREFIX_HEADER = "QuickCrypt/QuickCrypt-Prefix.pch";
				GCC_VERSION = com.apple.compilers.llvm.clang.1_0;
				INFOPLIST_FILE = "QuickCrypt/QuickCrypt-Info.plist";
				IPHONEOS_DEPLOYMENT_TARGET = 6.0;
				PRODUCT_NAME = "$(TARGET_NAME)";
				PROVISIONING_PROFILE = "";
				WRAPPER_EXTENSION = app;
			};
			name = Release;
		};
/* End XCBuildConfiguration section */

/* Begin XCConfigurationList section */
		1B8EA994153C7B8E009EFF27 /* Build configuration list for PBXProject "QuickCrypt" */ = {
			isa = XCConfigurationList;
			buildConfigurations = (
				1B8EA9B0153C7B8E009EFF27 /* Debug */,
				1B8EA9B1153C7B8E009EFF27 /* Release */,
			);
			defaultConfigurationIsVisible = 0;
			defaultConfigurationName = Release;
		};
		1B8EA9B2153C7B8E009EFF27 /* Build configuration list for PBXNativeTarget "QuickCrypt" */ = {
			isa = XCConfigurationList;
			buildConfigurations = (
				1B8EA9B3153C7B8E009EFF27 /* Debug */,
				1B8EA9B4153C7B8E009EFF27 /* Release */,
			);
			defaultConfigurationIsVisible = 0;
			defaultConfigurationName = Release;
		};
/* End XCConfigurationList section */
	};
	rootObject = 1B8EA991153C7B8E009EFF27 /* Project object */;
}
